# THIS IS AN AUTOGENERATED FILE. DO NOT EDIT THIS FILE DIRECTLY.
# yarn lockfile v1


commander@^9.0.0:
  version "9.0.0"
  resolved "https://registry.yarnpkg.com/commander/-/commander-9.0.0.tgz#86d58f24ee98126568936bd1d3574e0308a99a40"
  integrity sha512-JJfP2saEKbQqvW+FI93OYUB4ByV5cizMpFMiiJI8xDbBvQvSkIk0VvQdn1CZ8mqAO8Loq2h0gYTYtDFUZUeERw==

wabt@^1.0.26:
  version "1.0.26"
  resolved "https://registry.yarnpkg.com/wabt/-/wabt-1.0.26.tgz#20ddb3fd56943bd091fc8be13de4716397b2bdd5"
  integrity sha512-TBwmB8mOZ77B2LkpRPcrEwvh2NC/iFuhqPnztymPUyXNYrlGOaWo6sHwCOsLmAkhZijfaUjTh+Qewt+1lq3uTQ==
